
Microsoft Visual Studio Solution File, Format Version 12.00
# Visual Studio Version 17
VisualStudioVersion = 17.0.32112.339
MinimumVisualStudioVersion = 10.0.40219.1
Project("{FAE04EC0-301F-11D3-BF4B-00C04F79EFBC}") = "ContentNegotiation", "ContentNegotiation\ContentNegotiation.csproj", "{D8F9FB2D-C7CD-4782-BBFE-44CA91F6A91A}"
EndProject
Global
	GlobalSection(SolutionConfigurationPlatforms) = preSolution
		Debug|Any CPU = Debug|Any CPU
		Release|Any CPU = Release|Any CPU
	EndGlobalSection
	GlobalSection(ProjectConfigurationPlatforms) = postSolution
		{D8F9FB2D-C7CD-4782-BBFE-44CA91F6A91A}.Debug|Any CPU.ActiveCfg = Debug|Any CPU
		{D8F9FB2D-C7CD-4782-BBFE-44CA91F6A91A}.Debug|Any CPU.Build.0 = Debug|Any CPU
		{D8F9FB2D-C7CD-4782-BBFE-44CA91F6A91A}.Release|Any CPU.ActiveCfg = Release|Any CPU
		{D8F9FB2D-C7CD-4782-BBFE-44CA91F6A91A}.Release|Any CPU.Build.0 = Release|Any CPU
	EndGlobalSection
	GlobalSection(SolutionProperties) = preSolution
		HideSolutionNode = FALSE
	EndGlobalSection
	GlobalSection(ExtensibilityGlobals) = postSolution
		SolutionGuid = {5F04B07A-280B-48FF-938A-8E1EC56C8A2F}
	EndGlobalSection
EndGlobal
